// !$*UTF8*$!
{
	archiveVersion = 1;
	classes = {
	};
	objectVersion = 56;
	objects = {

/* Begin PBXBuildFile section */
		EB1D30932AF1BFA5006DEED6 /* AppDelegate.swift in Sources */ = {isa = PBXBuildFile; fileRef = EB1D30922AF1BFA5006DEED6 /* AppDelegate.swift */; };
		EB1D30952AF1BFA5006DEED6 /* SceneDelegate.swift in Sources */ = {isa = PBXBuildFile; fileRef = EB1D30942AF1BFA5006DEED6 /* SceneDelegate.swift */; };
		EB1D30972AF1BFA5006DEED6 /* ViewController.swift in Sources */ = {isa = PBXBuildFile; fileRef = EB1D30962AF1BFA5006DEED6 /* ViewController.swift */; };
		EB1D309A2AF1BFA5006DEED6 /* Main.storyboard in Resources */ = {isa = PBXBuildFile; fileRef = EB1D30982AF1BFA5006DEED6 /* Main.storyboard */; };
		EB1D309C2AF1BFA5006DEED6 /* Assets.xcassets in Resources */ = {isa = PBXBuildFile; fileRef = EB1D309B2AF1BFA5006DEED6 /* Assets.xcassets */; };
		EB1D309F2AF1BFA5006DEED6 /* LaunchScreen.storyboard in Resources */ = {isa = PBXBuildFile; fileRef = EB1D309D2AF1BFA5006DEED6 /* LaunchScreen.storyboard */; };
		EB1D30AA2AF1BFA6006DEED6 /* Candy_Review_AppTests.swift in Sources */ = {isa = PBXBuildFile; fileRef = EB1D30A92AF1BFA6006DEED6 /* Candy_Review_AppTests.swift */; };
		EB1D30B42AF1BFA6006DEED6 /* Candy_Review_AppUITests.swift in Sources */ = {isa = PBXBuildFile; fileRef = EB1D30B32AF1BFA6006DEED6 /* Candy_Review_AppUITests.swift */; };
		EB1D30B62AF1BFA6006DEED6 /* Candy_Review_AppUITestsLaunchTests.swift in Sources */ = {isa = PBXBuildFile; fileRef = EB1D30B52AF1BFA6006DEED6 /* Candy_Review_AppUITestsLaunchTests.swift */; };
		EB1D30C32AF1C2FC006DEED6 /* secondViewController.swift in Sources */ = {isa = PBXBuildFile; fileRef = EB1D30C22AF1C2FC006DEED6 /* secondViewController.swift */; };
		EB1D30C52AF1C30F006DEED6 /* thirdViewController.swift in Sources */ = {isa = PBXBuildFile; fileRef = EB1D30C42AF1C30F006DEED6 /* thirdViewController.swift */; };
		EB1D30C72AF1C320006DEED6 /* fourthViewController.swift in Sources */ = {isa = PBXBuildFile; fileRef = EB1D30C62AF1C320006DEED6 /* fourthViewController.swift */; };
		EB1D30C92AF1C32D006DEED6 /* fifthViewController.swift in Sources */ = {isa = PBXBuildFile; fileRef = EB1D30C82AF1C32D006DEED6 /* fifthViewController.swift */; };
		EB1D30CB2AF1E3D6006DEED6 /* sixthViewController.swift in Sources */ = {isa = PBXBuildFile; fileRef = EB1D30CA2AF1E3D6006DEED6 /* sixthViewController.swift */; };
		EB8402B92AF45E1E00AFB9E7 /* secondDetailViewController.swift in Sources */ = {isa = PBXBuildFile; fileRef = EB8402B82AF45E1E00AFB9E7 /* secondDetailViewController.swift */; };
		EB8402BB2AF45ED000AFB9E7 /* Property List.plist in Resources */ = {isa = PBXBuildFile; fileRef = EB8402BA2AF45ED000AFB9E7 /* Property List.plist */; };
/* End PBXBuildFile section */

/* Begin PBXContainerItemProxy section */
		EB1D30A62AF1BFA6006DEED6 /* PBXContainerItemProxy */ = {
			isa = PBXContainerItemProxy;
			containerPortal = EB1D30872AF1BFA5006DEED6 /* Project object */;
			proxyType = 1;
			remoteGlobalIDString = EB1D308E2AF1BFA5006DEED6;
			remoteInfo = "Candy Review App";
		};
		EB1D30B02AF1BFA6006DEED6 /* PBXContainerItemProxy */ = {
			isa = PBXContainerItemProxy;
			containerPortal = EB1D30872AF1BFA5006DEED6 /* Project object */;
			proxyType = 1;
			remoteGlobalIDString = EB1D308E2AF1BFA5006DEED6;
			remoteInfo = "Candy Review App";
		};
/* End PBXContainerItemProxy section */

/* Begin PBXFileReference section */
		EB1D308F2AF1BFA5006DEED6 /* Candy Review App.app */ = {isa = PBXFileReference; explicitFileType = wrapper.application; includeInIndex = 0; path = "Candy Review App.app"; sourceTree = BUILT_PRODUCTS_DIR; };
		EB1D30922AF1BFA5006DEED6 /* AppDelegate.swift */ = {isa = PBXFileReference; lastKnownFileType = sourcecode.swift; path = AppDelegate.swift; sourceTree = "<group>"; };
		EB1D30942AF1BFA5006DEED6 /* SceneDelegate.swift */ = {isa = PBXFileReference; lastKnownFileType = sourcecode.swift; path = SceneDelegate.swift; sourceTree = "<group>"; };
		EB1D30962AF1BFA5006DEED6 /* ViewController.swift */ = {isa = PBXFileReference; lastKnownFileType = sourcecode.swift; path = ViewController.swift; sourceTree = "<group>"; };
		EB1D30992AF1BFA5006DEED6 /* Base */ = {isa = PBXFileReference; lastKnownFileType = file.storyboard; name = Base; path = Base.lproj/Main.storyboard; sourceTree = "<group>"; };
		EB1D309B2AF1BFA5006DEED6 /* Assets.xcassets */ = {isa = PBXFileReference; lastKnownFileType = folder.assetcatalog; path = Assets.xcassets; sourceTree = "<group>"; };
		EB1D309E2AF1BFA5006DEED6 /* Base */ = {isa = PBXFileReference; lastKnownFileType = file.storyboard; name = Base; path = Base.lproj/LaunchScreen.storyboard; sourceTree = "<group>"; };
		EB1D30A02AF1BFA5006DEED6 /* Info.plist */ = {isa = PBXFileReference; lastKnownFileType = text.plist.xml; path = Info.plist; sourceTree = "<group>"; };
		EB1D30A52AF1BFA6006DEED6 /* Candy Review AppTests.xctest */ = {isa = PBXFileReference; explicitFileType = wrapper.cfbundle; includeInIndex = 0; path = "Candy Review AppTests.xctest"; sourceTree = BUILT_PRODUCTS_DIR; };
		EB1D30A92AF1BFA6006DEED6 /* Candy_Review_AppTests.swift */ = {isa = PBXFileReference; lastKnownFileType = sourcecode.swift; path = Candy_Review_AppTests.swift; sourceTree = "<group>"; };
		EB1D30AF2AF1BFA6006DEED6 /* Candy Review AppUITests.xctest */ = {isa = PBXFileReference; explicitFileType = wrapper.cfbundle; includeInIndex = 0; path = "Candy Review AppUITests.xctest"; sourceTree = BUILT_PRODUCTS_DIR; };
		EB1D30B32AF1BFA6006DEED6 /* Candy_Review_AppUITests.swift */ = {isa = PBXFileReference; lastKnownFileType = sourcecode.swift; path = Candy_Review_AppUITests.swift; sourceTree = "<group>"; };
		EB1D30B52AF1BFA6006DEED6 /* Candy_Review_AppUITestsLaunchTests.swift */ = {isa = PBXFileReference; lastKnownFileType = sourcecode.swift; path = Candy_Review_AppUITestsLaunchTests.swift; sourceTree = "<group>"; };
		EB1D30C22AF1C2FC006DEED6 /* secondViewController.swift */ = {isa = PBXFileReference; lastKnownFileType = sourcecode.swift; path = secondViewController.swift; sourceTree = "<group>"; };
		EB1D30C42AF1C30F006DEED6 /* thirdViewController.swift */ = {isa = PBXFileReference; lastKnownFileType = sourcecode.swift; path = thirdViewController.swift; sourceTree = "<group>"; };
		EB1D30C62AF1C320006DEED6 /* fourthViewController.swift */ = {isa = PBXFileReference; lastKnownFileType = sourcecode.swift; path = fourthViewController.swift; sourceTree = "<group>"; };
		EB1D30C82AF1C32D006DEED6 /* fifthViewController.swift */ = {isa = PBXFileReference; lastKnownFileType = sourcecode.swift; path = fifthViewController.swift; sourceTree = "<group>"; };
		EB1D30CA2AF1E3D6006DEED6 /* sixthViewController.swift */ = {isa = PBXFileReference; lastKnownFileType = sourcecode.swift; path = sixthViewController.swift; sourceTree = "<group>"; };
		EB8402B82AF45E1E00AFB9E7 /* secondDetailViewController.swift */ = {isa = PBXFileReference; lastKnownFileType = sourcecode.swift; path = secondDetailViewController.swift; sourceTree = "<group>"; };
		EB8402BA2AF45ED000AFB9E7 /* Property List.plist */ = {isa = PBXFileReference; lastKnownFileType = text.plist.xml; path = "Property List.plist"; sourceTree = "<group>"; };
/* End PBXFileReference section */

/* Begin PBXFrameworksBuildPhase section */
		EB1D308C2AF1BFA5006DEED6 /* Frameworks */ = {
			isa = PBXFrameworksBuildPhase;
			buildActionMask = 2147483647;
			files = (
			);
			runOnlyForDeploymentPostprocessing = 0;
		};
		EB1D30A22AF1BFA6006DEED6 /* Frameworks */ = {
			isa = PBXFrameworksBuildPhase;
			buildActionMask = 2147483647;
			files = (
			);
			runOnlyForDeploymentPostprocessing = 0;
		};
		EB1D30AC2AF1BFA6006DEED6 /* Frameworks */ = {
			isa = PBXFrameworksBuildPhase;
			buildActionMask = 2147483647;
			files = (
			);
			runOnlyForDeploymentPostprocessing = 0;
		};
/* End PBXFrameworksBuildPhase section */

/* Begin PBXGroup section */
		EB1D30862AF1BFA5006DEED6 = {
			isa = PBXGroup;
			children = (
				EB1D30912AF1BFA5006DEED6 /* Candy Review App */,
				EB1D30A82AF1BFA6006DEED6 /* Candy Review AppTests */,
				EB1D30B22AF1BFA6006DEED6 /* Candy Review AppUITests */,
				EB1D30902AF1BFA5006DEED6 /* Products */,
			);
			sourceTree = "<group>";
		};
		EB1D30902AF1BFA5006DEED6 /* Products */ = {
			isa = PBXGroup;
			children = (
				EB1D308F2AF1BFA5006DEED6 /* Candy Review App.app */,
				EB1D30A52AF1BFA6006DEED6 /* Candy Review AppTests.xctest */,
				EB1D30AF2AF1BFA6006DEED6 /* Candy Review AppUITests.xctest */,
			);
			name = Products;
			sourceTree = "<group>";
		};
		EB1D30912AF1BFA5006DEED6 /* Candy Review App */ = {
			isa = PBXGroup;
			children = (
				EB1D30922AF1BFA5006DEED6 /* AppDelegate.swift */,
				EB1D30942AF1BFA5006DEED6 /* SceneDelegate.swift */,
				EB1D30962AF1BFA5006DEED6 /* ViewController.swift */,
				EB1D30982AF1BFA5006DEED6 /* Main.storyboard */,
				EB8402BA2AF45ED000AFB9E7 /* Property List.plist */,
				EB8402B82AF45E1E00AFB9E7 /* secondDetailViewController.swift */,
				EB1D30CA2AF1E3D6006DEED6 /* sixthViewController.swift */,
				EB1D30C82AF1C32D006DEED6 /* fifthViewController.swift */,
				EB1D30C62AF1C320006DEED6 /* fourthViewController.swift */,
				EB1D30C42AF1C30F006DEED6 /* thirdViewController.swift */,
				EB1D30C22AF1C2FC006DEED6 /* secondViewController.swift */,
				EB1D309B2AF1BFA5006DEED6 /* Assets.xcassets */,
				EB1D309D2AF1BFA5006DEED6 /* LaunchScreen.storyboard */,
				EB1D30A02AF1BFA5006DEED6 /* Info.plist */,
			);
			path = "Candy Review App";
			sourceTree = "<group>";
		};
		EB1D30A82AF1BFA6006DEED6 /* Candy Review AppTests */ = {
			isa = PBXGroup;
			children = (
				EB1D30A92AF1BFA6006DEED6 /* Candy_Review_AppTests.swift */,
			);
			path = "Candy Review AppTests";
			sourceTree = "<group>";
		};
		EB1D30B22AF1BFA6006DEED6 /* Candy Review AppUITests */ = {
			isa = PBXGroup;
			children = (
				EB1D30B32AF1BFA6006DEED6 /* Candy_Review_AppUITests.swift */,
				EB1D30B52AF1BFA6006DEED6 /* Candy_Review_AppUITestsLaunchTests.swift */,
			);
			path = "Candy Review AppUITests";
			sourceTree = "<group>";
		};
/* End PBXGroup section */

/* Begin PBXNativeTarget section */
		EB1D308E2AF1BFA5006DEED6 /* Candy Review App */ = {
			isa = PBXNativeTarget;
			buildConfigurationList = EB1D30B92AF1BFA6006DEED6 /* Build configuration list for PBXNativeTarget "Candy Review App" */;
			buildPhases = (
				EB1D308B2AF1BFA5006DEED6 /* Sources */,
				EB1D308C2AF1BFA5006DEED6 /* Frameworks */,
				EB1D308D2AF1BFA5006DEED6 /* Resources */,
			);
			buildRules = (
			);
			dependencies = (
			);
			name = "Candy Review App";
			productName = "Candy Review App";
			productReference = EB1D308F2AF1BFA5006DEED6 /* Candy Review App.app */;
			productType = "com.apple.product-type.application";
		};
		EB1D30A42AF1BFA6006DEED6 /* Candy Review AppTests */ = {
			isa = PBXNativeTarget;
			buildConfigurationList = EB1D30BC2AF1BFA6006DEED6 /* Build configuration list for PBXNativeTarget "Candy Review AppTests" */;
			buildPhases = (
				EB1D30A12AF1BFA6006DEED6 /* Sources */,
				EB1D30A22AF1BFA6006DEED6 /* Frameworks */,
				EB1D30A32AF1BFA6006DEED6 /* Resources */,
			);
			buildRules = (
			);
			dependencies = (
				EB1D30A72AF1BFA6006DEED6 /* PBXTargetDependency */,
			);
			name = "Candy Review AppTests";
			productName = "Candy Review AppTests";
			productReference = EB1D30A52AF1BFA6006DEED6 /* Candy Review AppTests.xctest */;
			productType = "com.apple.product-type.bundle.unit-test";
		};
		EB1D30AE2AF1BFA6006DEED6 /* Candy Review AppUITests */ = {
			isa = PBXNativeTarget;
			buildConfigurationList = EB1D30BF2AF1BFA6006DEED6 /* Build configuration list for PBXNativeTarget "Candy Review AppUITests" */;
			buildPhases = (
				EB1D30AB2AF1BFA6006DEED6 /* Sources */,
				EB1D30AC2AF1BFA6006DEED6 /* Frameworks */,
				EB1D30AD2AF1BFA6006DEED6 /* Resources */,
			);
			buildRules = (
			);
			dependencies = (
				EB1D30B12AF1BFA6006DEED6 /* PBXTargetDependency */,
			);
			name = "Candy Review AppUITests";
			productName = "Candy Review AppUITests";
			productReference = EB1D30AF2AF1BFA6006DEED6 /* Candy Review AppUITests.xctest */;
			productType = "com.apple.product-type.bundle.ui-testing";
		};
/* End PBXNativeTarget section */

/* Begin PBXProject section */
		EB1D30872AF1BFA5006DEED6 /* Project object */ = {
			isa = PBXProject;
			attributes = {
				BuildIndependentTargetsInParallel = 1;
				LastSwiftUpdateCheck = 1430;
				LastUpgradeCheck = 1430;
				TargetAttributes = {
					EB1D308E2AF1BFA5006DEED6 = {
						CreatedOnToolsVersion = 14.3.1;
					};
					EB1D30A42AF1BFA6006DEED6 = {
						CreatedOnToolsVersion = 14.3.1;
						TestTargetID = EB1D308E2AF1BFA5006DEED6;
					};
					EB1D30AE2AF1BFA6006DEED6 = {
						CreatedOnToolsVersion = 14.3.1;
						TestTargetID = EB1D308E2AF1BFA5006DEED6;
					};
				};
			};
			buildConfigurationList = EB1D308A2AF1BFA5006DEED6 /* Build configuration list for PBXProject "Candy Review App" */;
			compatibilityVersion = "Xcode 14.0";
			developmentRegion = en;
			hasScannedForEncodings = 0;
			knownRegions = (
				en,
				Base,
			);
			mainGroup = EB1D30862AF1BFA5006DEED6;
			productRefGroup = EB1D30902AF1BFA5006DEED6 /* Products */;
			projectDirPath = "";
			projectRoot = "";
			targets = (
				EB1D308E2AF1BFA5006DEED6 /* Candy Review App */,
				EB1D30A42AF1BFA6006DEED6 /* Candy Review AppTests */,
				EB1D30AE2AF1BFA6006DEED6 /* Candy Review AppUITests */,
			);
		};
/* End PBXProject section */

/* Begin PBXResourcesBuildPhase section */
		EB1D308D2AF1BFA5006DEED6 /* Resources */ = {
			isa = PBXResourcesBuildPhase;
			buildActionMask = 2147483647;
			files = (
				EB1D309F2AF1BFA5006DEED6 /* LaunchScreen.storyboard in Resources */,
				EB1D309C2AF1BFA5006DEED6 /* Assets.xcassets in Resources */,
				EB8402BB2AF45ED000AFB9E7 /* Property List.plist in Resources */,
				EB1D309A2AF1BFA5006DEED6 /* Main.storyboard in Resources */,
			);
			runOnlyForDeploymentPostprocessing = 0;
		};
		EB1D30A32AF1BFA6006DEED6 /* Resources */ = {
			isa = PBXResourcesBuildPhase;
			buildActionMask = 2147483647;
			files = (
			);
			runOnlyForDeploymentPostprocessing = 0;
		};
		EB1D30AD2AF1BFA6006DEED6 /* Resources */ = {
			isa = PBXResourcesBuildPhase;
			buildActionMask = 2147483647;
			files = (
			);
			runOnlyForDeploymentPostprocessing = 0;
		};
/* End PBXResourcesBuildPhase section */

/* Begin PBXSourcesBuildPhase section */
		EB1D308B2AF1BFA5006DEED6 /* Sources */ = {
			isa = PBXSourcesBuildPhase;
			buildActionMask = 2147483647;
			files = (
				EB1D30C32AF1C2FC006DEED6 /* secondViewController.swift in Sources */,
				EB1D30972AF1BFA5006DEED6 /* ViewController.swift in Sources */,
				EB1D30C72AF1C320006DEED6 /* fourthViewController.swift in Sources */,
				EB1D30CB2AF1E3D6006DEED6 /* sixthViewController.swift in Sources */,
				EB1D30C52AF1C30F006DEED6 /* thirdViewController.swift in Sources */,
				EB1D30932AF1BFA5006DEED6 /* AppDelegate.swift in Sources */,
				EB8402B92AF45E1E00AFB9E7 /* secondDetailViewController.swift in Sources */,
				EB1D30952AF1BFA5006DEED6 /* SceneDelegate.swift in Sources */,
				EB1D30C92AF1C32D006DEED6 /* fifthViewController.swift in Sources */,
			);
			runOnlyForDeploymentPostprocessing = 0;
		};
		EB1D30A12AF1BFA6006DEED6 /* Sources */ = {
			isa = PBXSourcesBuildPhase;
			buildActionMask = 2147483647;
			files = (
				EB1D30AA2AF1BFA6006DEED6 /* Candy_Review_AppTests.swift in Sources */,
			);
			runOnlyForDeploymentPostprocessing = 0;
		};
		EB1D30AB2AF1BFA6006DEED6 /* Sources */ = {
			isa = PBXSourcesBuildPhase;
			buildActionMask = 2147483647;
			files = (
				EB1D30B62AF1BFA6006DEED6 /* Candy_Review_AppUITestsLaunchTests.swift in Sources */,
				EB1D30B42AF1BFA6006DEED6 /* Candy_Review_AppUITests.swift in Sources */,
			);
			runOnlyForDeploymentPostprocessing = 0;
		};
/* End PBXSourcesBuildPhase section */

/* Begin PBXTargetDependency section */
		EB1D30A72AF1BFA6006DEED6 /* PBXTargetDependency */ = {
			isa = PBXTargetDependency;
			target = EB1D308E2AF1BFA5006DEED6 /* Candy Review App */;
			targetProxy = EB1D30A62AF1BFA6006DEED6 /* PBXContainerItemProxy */;
		};
		EB1D30B12AF1BFA6006DEED6 /* PBXTargetDependency */ = {
			isa = PBXTargetDependency;
			target = EB1D308E2AF1BFA5006DEED6 /* Candy Review App */;
			targetProxy = EB1D30B02AF1BFA6006DEED6 /* PBXContainerItemProxy */;
		};
/* End PBXTargetDependency section */

/* Begin PBXVariantGroup section */
		EB1D30982AF1BFA5006DEED6 /* Main.storyboard */ = {
			isa = PBXVariantGroup;
			children = (
				EB1D30992AF1BFA5006DEED6 /* Base */,
			);
			name = Main.storyboard;
			sourceTree = "<group>";
		};
		EB1D309D2AF1BFA5006DEED6 /* LaunchScreen.storyboard */ = {
			isa = PBXVariantGroup;
			children = (
				EB1D309E2AF1BFA5006DEED6 /* Base */,
			);
			name = LaunchScreen.storyboard;
			sourceTree = "<group>";
		};
/* End PBXVariantGroup section */

/* Begin XCBuildConfiguration section */
		EB1D30B72AF1BFA6006DEED6 /* Debug */ = {
			isa = XCBuildConfiguration;
			buildSettings = {
				ALWAYS_SEARCH_USER_PATHS = NO;
				CLANG_ANALYZER_NONNULL = YES;
				CLANG_ANALYZER_NUMBER_OBJECT_CONVERSION = YES_AGGRESSIVE;
				CLANG_CXX_LANGUAGE_STANDARD = "gnu++20";
				CLANG_ENABLE_MODULES = YES;
				CLANG_ENABLE_OBJC_ARC = YES;
				CLANG_ENABLE_OBJC_WEAK = YES;
				CLANG_WARN_BLOCK_CAPTURE_AUTORELEASING = YES;
				CLANG_WARN_BOOL_CONVERSION = YES;
				CLANG_WARN_COMMA = YES;
				CLANG_WARN_CONSTANT_CONVERSION = YES;
				CLANG_WARN_DEPRECATED_OBJC_IMPLEMENTATIONS = YES;
				CLANG_WARN_DIRECT_OBJC_ISA_USAGE = YES_ERROR;
				CLANG_WARN_DOCUMENTATION_COMMENTS = YES;
				CLANG_WARN_EMPTY_BODY = YES;
				CLANG_WARN_ENUM_CONVERSION = YES;
				CLANG_WARN_INFINITE_RECURSION = YES;
				CLANG_WARN_INT_CONVERSION = YES;
				CLANG_WARN_NON_LITERAL_NULL_CONVERSION = YES;
				CLANG_WARN_OBJC_IMPLICIT_RETAIN_SELF = YES;
				CLANG_WARN_OBJC_LITERAL_CONVERSION = YES;
				CLANG_WARN_OBJC_ROOT_CLASS = YES_ERROR;
				CLANG_WARN_QUOTED_INCLUDE_IN_FRAMEWORK_HEADER = YES;
				CLANG_WARN_RANGE_LOOP_ANALYSIS = YES;
				CLANG_WARN_STRICT_PROTOTYPES = YES;
				CLANG_WARN_SUSPICIOUS_MOVE = YES;
				CLANG_WARN_UNGUARDED_AVAILABILITY = YES_AGGRESSIVE;
				CLANG_WARN_UNREACHABLE_CODE = YES;
				CLANG_WARN__DUPLICATE_METHOD_MATCH = YES;
				COPY_PHASE_STRIP = NO;
				DEBUG_INFORMATION_FORMAT = dwarf;
				ENABLE_STRICT_OBJC_MSGSEND = YES;
				ENABLE_TESTABILITY = YES;
				GCC_C_LANGUAGE_STANDARD = gnu11;
				GCC_DYNAMIC_NO_PIC = NO;
				GCC_NO_COMMON_BLOCKS = YES;
				GCC_OPTIMIZATION_LEVEL = 0;
				GCC_PREPROCESSOR_DEFINITIONS = (
					"DEBUG=1",
					"$(inherited)",
				);
				GCC_WARN_64_TO_32_BIT_CONVERSION = YES;
				GCC_WARN_ABOUT_RETURN_TYPE = YES_ERROR;
				GCC_WARN_UNDECLARED_SELECTOR = YES;
				GCC_WARN_UNINITIALIZED_AUTOS = YES_AGGRESSIVE;
				GCC_WARN_UNUSED_FUNCTION = YES;
				GCC_WARN_UNUSED_VARIABLE = YES;
				IPHONEOS_DEPLOYMENT_TARGET = 16.4;
				MTL_ENABLE_DEBUG_INFO = INCLUDE_SOURCE;
				MTL_FAST_MATH = YES;
				ONLY_ACTIVE_ARCH = YES;
				SDKROOT = iphoneos;
				SWIFT_ACTIVE_COMPILATION_CONDITIONS = DEBUG;
				SWIFT_OPTIMIZATION_LEVEL = "-Onone";
			};
			name = Debug;
		};
		EB1D30B82AF1BFA6006DEED6 /* Release */ = {
			isa = XCBuildConfiguration;
			buildSettings = {
				ALWAYS_SEARCH_USER_PATHS = NO;
				CLANG_ANALYZER_NONNULL = YES;
				CLANG_ANALYZER_NUMBER_OBJECT_CONVERSION = YES_AGGRESSIVE;
				CLANG_CXX_LANGUAGE_STANDARD = "gnu++20";
				CLANG_ENABLE_MODULES = YES;
				CLANG_ENABLE_OBJC_ARC = YES;
				CLANG_ENABLE_OBJC_WEAK = YES;
				CLANG_WARN_BLOCK_CAPTURE_AUTORELEASING = YES;
				CLANG_WARN_BOOL_CONVERSION = YES;
				CLANG_WARN_COMMA = YES;
				CLANG_WARN_CONSTANT_CONVERSION = YES;
				CLANG_WARN_DEPRECATED_OBJC_IMPLEMENTATIONS = YES;
				CLANG_WARN_DIRECT_OBJC_ISA_USAGE = YES_ERROR;
				CLANG_WARN_DOCUMENTATION_COMMENTS = YES;
				CLANG_WARN_EMPTY_BODY = YES;
				CLANG_WARN_ENUM_CONVERSION = YES;
				CLANG_WARN_INFINITE_RECURSION = YES;
				CLANG_WARN_INT_CONVERSION = YES;
				CLANG_WARN_NON_LITERAL_NULL_CONVERSION = YES;
				CLANG_WARN_OBJC_IMPLICIT_RETAIN_SELF = YES;
				CLANG_WARN_OBJC_LITERAL_CONVERSION = YES;
				CLANG_WARN_OBJC_ROOT_CLASS = YES_ERROR;
				CLANG_WARN_QUOTED_INCLUDE_IN_FRAMEWORK_HEADER = YES;
				CLANG_WARN_RANGE_LOOP_ANALYSIS = YES;
				CLANG_WARN_STRICT_PROTOTYPES = YES;
				CLANG_WARN_SUSPICIOUS_MOVE = YES;
				CLANG_WARN_UNGUARDED_AVAILABILITY = YES_AGGRESSIVE;
				CLANG_WARN_UNREACHABLE_CODE = YES;
				CLANG_WARN__DUPLICATE_METHOD_MATCH = YES;
				COPY_PHASE_STRIP = NO;
				DEBUG_INFORMATION_FORMAT = "dwarf-with-dsym";
				ENABLE_NS_ASSERTIONS = NO;
				ENABLE_STRICT_OBJC_MSGSEND = YES;
				GCC_C_LANGUAGE_STANDARD = gnu11;
				GCC_NO_COMMON_BLOCKS = YES;
				GCC_WARN_64_TO_32_BIT_CONVERSION = YES;
				GCC_WARN_ABOUT_RETURN_TYPE = YES_ERROR;
				GCC_WARN_UNDECLARED_SELECTOR = YES;
				GCC_WARN_UNINITIALIZED_AUTOS = YES_AGGRESSIVE;
				GCC_WARN_UNUSED_FUNCTION = YES;
				GCC_WARN_UNUSED_VARIABLE = YES;
				IPHONEOS_DEPLOYMENT_TARGET = 16.4;
				MTL_ENABLE_DEBUG_INFO = NO;
				MTL_FAST_MATH = YES;
				SDKROOT = iphoneos;
				SWIFT_COMPILATION_MODE = wholemodule;
				SWIFT_OPTIMIZATION_LEVEL = "-O";
				VALIDATE_PRODUCT = YES;
			};
			name = Release;
		};
		EB1D30BA2AF1BFA6006DEED6 /* Debug */ = {
			isa = XCBuildConfiguration;
			buildSettings = {
				ASSETCATALOG_COMPILER_APPICON_NAME = AppIcon;
				ASSETCATALOG_COMPILER_GLOBAL_ACCENT_COLOR_NAME = AccentColor;
				CODE_SIGN_STYLE = Automatic;
				CURRENT_PROJECT_VERSION = 1;
				DEVELOPMENT_TEAM = X33LGJYSV5;
				GENERATE_INFOPLIST_FILE = YES;
				INFOPLIST_FILE = "Candy Review App/Info.plist";
				INFOPLIST_KEY_UIApplicationSupportsIndirectInputEvents = YES;
				INFOPLIST_KEY_UILaunchStoryboardName = LaunchScreen;
				INFOPLIST_KEY_UIMainStoryboardFile = Main;
				INFOPLIST_KEY_UISupportedInterfaceOrientations_iPad = "UIInterfaceOrientationPortrait UIInterfaceOrientationPortraitUpsideDown UIInterfaceOrientationLandscapeLeft UIInterfaceOrientationLandscapeRight";
				INFOPLIST_KEY_UISupportedInterfaceOrientations_iPhone = "UIInterfaceOrientationPortrait UIInterfaceOrientationLandscapeLeft UIInterfaceOrientationLandscapeRight";
				LD_RUNPATH_SEARCH_PATHS = (
					"$(inherited)",
					"@executable_path/Frameworks",
				);
				MARKETING_VERSION = 1.0;
				PRODUCT_BUNDLE_IDENTIFIER = "UHWO.Candy-Review-App";
				PRODUCT_NAME = "$(TARGET_NAME)";
				SWIFT_EMIT_LOC_STRINGS = YES;
				SWIFT_VERSION = 5.0;
				TARGETED_DEVICE_FAMILY = "1,2";
			};
			name = Debug;
		};
		EB1D30BB2AF1BFA6006DEED6 /* Release */ = {
			isa = XCBuildConfiguration;
			buildSettings = {
				ASSETCATALOG_COMPILER_APPICON_NAME = AppIcon;
				ASSETCATALOG_COMPILER_GLOBAL_ACCENT_COLOR_NAME = AccentColor;
				CODE_SIGN_STYLE = Automatic;
				CURRENT_PROJECT_VERSION = 1;
				DEVELOPMENT_TEAM = X33LGJYSV5;
				GENERATE_INFOPLIST_FILE = YES;
				INFOPLIST_FILE = "Candy Review App/Info.plist";
				INFOPLIST_KEY_UIApplicationSupportsIndirectInputEvents = YES;
				INFOPLIST_KEY_UILaunchStoryboardName = LaunchScreen;
				INFOPLIST_KEY_UIMainStoryboardFile = Main;
				INFOPLIST_KEY_UISupportedInterfaceOrientations_iPad = "UIInterfaceOrientationPortrait UIInterfaceOrientationPortraitUpsideDown UIInterfaceOrientationLandscapeLeft UIInterfaceOrientationLandscapeRight";
				INFOPLIST_KEY_UISupportedInterfaceOrientations_iPhone = "UIInterfaceOrientationPortrait UIInterfaceOrientationLandscapeLeft UIInterfaceOrientationLandscapeRight";
				LD_RUNPATH_SEARCH_PATHS = (
					"$(inherited)",
					"@executable_path/Frameworks",
				);
				MARKETING_VERSION = 1.0;
				PRODUCT_BUNDLE_IDENTIFIER = "UHWO.Candy-Review-App";
				PRODUCT_NAME = "$(TARGET_NAME)";
				SWIFT_EMIT_LOC_STRINGS = YES;
				SWIFT_VERSION = 5.0;
				TARGETED_DEVICE_FAMILY = "1,2";
			};
			name = Release;
		};
		EB1D30BD2AF1BFA6006DEED6 /* Debug */ = {
			isa = XCBuildConfiguration;
			buildSettings = {
				ALWAYS_EMBED_SWIFT_STANDARD_LIBRARIES = YES;
				BUNDLE_LOADER = "$(TEST_HOST)";
				CODE_SIGN_STYLE = Automatic;
				CURRENT_PROJECT_VERSION = 1;
				DEVELOPMENT_TEAM = X33LGJYSV5;
				GENERATE_INFOPLIST_FILE = YES;
				IPHONEOS_DEPLOYMENT_TARGET = 16.4;
				MARKETING_VERSION = 1.0;
				PRODUCT_BUNDLE_IDENTIFIER = "UHWO.Candy-Review-AppTests";
				PRODUCT_NAME = "$(TARGET_NAME)";
				SWIFT_EMIT_LOC_STRINGS = NO;
				SWIFT_VERSION = 5.0;
				TARGETED_DEVICE_FAMILY = "1,2";
				TEST_HOST = "$(BUILT_PRODUCTS_DIR)/Candy Review App.app/$(BUNDLE_EXECUTABLE_FOLDER_PATH)/Candy Review App";
			};
			name = Debug;
		};
		EB1D30BE2AF1BFA6006DEED6 /* Release */ = {
			isa = XCBuildConfiguration;
			buildSettings = {
				ALWAYS_EMBED_SWIFT_STANDARD_LIBRARIES = YES;
				BUNDLE_LOADER = "$(TEST_HOST)";
				CODE_SIGN_STYLE = Automatic;
				CURRENT_PROJECT_VERSION = 1;
				DEVELOPMENT_TEAM = X33LGJYSV5;
				GENERATE_INFOPLIST_FILE = YES;
				IPHONEOS_DEPLOYMENT_TARGET = 16.4;
				MARKETING_VERSION = 1.0;
				PRODUCT_BUNDLE_IDENTIFIER = "UHWO.Candy-Review-AppTests";
				PRODUCT_NAME = "$(TARGET_NAME)";
				SWIFT_EMIT_LOC_STRINGS = NO;
				SWIFT_VERSION = 5.0;
				TARGETED_DEVICE_FAMILY = "1,2";
				TEST_HOST = "$(BUILT_PRODUCTS_DIR)/Candy Review App.app/$(BUNDLE_EXECUTABLE_FOLDER_PATH)/Candy Review App";
			};
			name = Release;
		};
		EB1D30C02AF1BFA6006DEED6 /* Debug */ = {
			isa = XCBuildConfiguration;
			buildSettings = {
				ALWAYS_EMBED_SWIFT_STANDARD_LIBRARIES = YES;
				CODE_SIGN_STYLE = Automatic;
				CURRENT_PROJECT_VERSION = 1;
				DEVELOPMENT_TEAM = X33LGJYSV5;
				GENERATE_INFOPLIST_FILE = YES;
				MARKETING_VERSION = 1.0;
				PRODUCT_BUNDLE_IDENTIFIER = "UHWO.Candy-Review-AppUITests";
				PRODUCT_NAME = "$(TARGET_NAME)";
				SWIFT_EMIT_LOC_STRINGS = NO;
				SWIFT_VERSION = 5.0;
				TARGETED_DEVICE_FAMILY = "1,2";
				TEST_TARGET_NAME = "Candy Review App";
			};
			name = Debug;
		};
		EB1D30C12AF1BFA6006DEED6 /* Release */ = {
			isa = XCBuildConfiguration;
			buildSettings = {
				ALWAYS_EMBED_SWIFT_STANDARD_LIBRARIES = YES;
				CODE_SIGN_STYLE = Automatic;
				CURRENT_PROJECT_VERSION = 1;
				DEVELOPMENT_TEAM = X33LGJYSV5;
				GENERATE_INFOPLIST_FILE = YES;
				MARKETING_VERSION = 1.0;
				PRODUCT_BUNDLE_IDENTIFIER = "UHWO.Candy-Review-AppUITests";
				PRODUCT_NAME = "$(TARGET_NAME)";
				SWIFT_EMIT_LOC_STRINGS = NO;
				SWIFT_VERSION = 5.0;
				TARGETED_DEVICE_FAMILY = "1,2";
				TEST_TARGET_NAME = "Candy Review App";
			};
			name = Release;
		};
/* End XCBuildConfiguration section */

/* Begin XCConfigurationList section */
		EB1D308A2AF1BFA5006DEED6 /* Build configuration list for PBXProject "Candy Review App" */ = {
			isa = XCConfigurationList;
			buildConfigurations = (
				EB1D30B72AF1BFA6006DEED6 /* Debug */,
				EB1D30B82AF1BFA6006DEED6 /* Release */,
			);
			defaultConfigurationIsVisible = 0;
			defaultConfigurationName = Release;
		};
		EB1D30B92AF1BFA6006DEED6 /* Build configuration list for PBXNativeTarget "Candy Review App" */ = {
			isa = XCConfigurationList;
			buildConfigurations = (
				EB1D30BA2AF1BFA6006DEED6 /* Debug */,
				EB1D30BB2AF1BFA6006DEED6 /* Release */,
			);
			defaultConfigurationIsVisible = 0;
			defaultConfigurationName = Release;
		};
		EB1D30BC2AF1BFA6006DEED6 /* Build configuration list for PBXNativeTarget "Candy Review AppTests" */ = {
			isa = XCConfigurationList;
			buildConfigurations = (
				EB1D30BD2AF1BFA6006DEED6 /* Debug */,
				EB1D30BE2AF1BFA6006DEED6 /* Release */,
			);
			defaultConfigurationIsVisible = 0;
			defaultConfigurationName = Release;
		};
		EB1D30BF2AF1BFA6006DEED6 /* Build configuration list for PBXNativeTarget "Candy Review AppUITests" */ = {
			isa = XCConfigurationList;
			buildConfigurations = (
				EB1D30C02AF1BFA6006DEED6 /* Debug */,
				EB1D30C12AF1BFA6006DEED6 /* Release */,
			);
			defaultConfigurationIsVisible = 0;
			defaultConfigurationName = Release;
		};
/* End XCConfigurationList section */
	};
	rootObject = EB1D30872AF1BFA5006DEED6 /* Project object */;
}
